{
  "name": "react-voting-without-ssr",
  "version": "0.1.0",
  "lockfileVersion": 1,
  "requires": true,
  "dependencies": {
    "@babel/runtime": {
      "version": "7.3.1",
      "resolved": "https://registry.npmjs.org/@babel/runtime/-/runtime-7.3.1.tgz",
      "integrity": "sha512-7jGW8ppV0ant637pIqAcFfQDDH1orEPGJb8aXfUozuCU3QqX7rX4DA8iwrbPrR1hcH0FTTHz47yQnk+bl5xHQA==",
      "requires": {
        "regenerator-runtime": "^0.12.0"
      }
    },
    "@redux-saga/core": {
      "version": "1.0.1",
      "resolved": "https://registry.npmjs.org/@redux-saga/core/-/core-1.0.1.tgz",
      "integrity": "sha512-e/rvF5jA/2BBLHwQWIwRVSbD8ylQAUXp0zaCUJrfDQmsKGY2VJbcUdSgkM4rxRss9d4U/c2Oa0D9o5geDCup0w==",
      "requires": {
        "@babel/runtime": "^7.0.0",
        "@redux-saga/deferred": "^1.0.1",
        "@redux-saga/delay-p": "^1.0.1",
        "@redux-saga/is": "^1.0.1",
        "@redux-saga/symbols": "^1.0.1",
        "@redux-saga/types": "^1.0.0",
        "redux": ">=0.10 <5",
        "typescript-tuple": "^2.1.0"
      }
    },
    "@redux-saga/deferred": {
      "version": "1.0.1",
      "resolved": "https://registry.npmjs.org/@redux-saga/deferred/-/deferred-1.0.1.tgz",
      "integrity": "sha512-+gW5xQ93QXOOmRLAmX8x2Hx1HpbTG6CM6+HcdTSbJovh4uMWaGyeDECnqXSt8QqA/ja3s2nqYXLqXFKepIQ1hw=="
    },
    "@redux-saga/delay-p": {
      "version": "1.0.1",
      "resolved": "https://registry.npmjs.org/@redux-saga/delay-p/-/delay-p-1.0.1.tgz",
      "integrity": "sha512-0SnNDyDLUyB4NThtptAwiprNOnbCNhoed/Rp5JwS7SB+a/AdWynVgg/E6BmjsggLFNr07KW0bzn05tsPRBuU7Q==",
      "requires": {
        "@redux-saga/symbols": "^1.0.1"
      }
    },
    "@redux-saga/is": {
      "version": "1.0.1",
      "resolved": "https://registry.npmjs.org/@redux-saga/is/-/is-1.0.1.tgz",
      "integrity": "sha512-hOm7MyvGToJX6aeYkKmoL88a/7bzD8PXP1yPfELEgrKeiN5oBvMTbZ0LNU3boM3HJcYuiyjZED9qw12YpmXGAA==",
      "requires": {
        "@redux-saga/symbols": "^1.0.1",
        "@redux-saga/types": "^1.0.0"
      }
    },
    "@redux-saga/symbols": {
      "version": "1.0.1",
      "resolved": "https://registry.npmjs.org/@redux-saga/symbols/-/symbols-1.0.1.tgz",
      "integrity": "sha512-akKkzcVnb1RzJaZV2LQFbi51abvdICMuAKwwLoCjjxLbLAGIw9EJxk5ucNnWSSCEsoEQMeol5tkAcK+Xzuv1Bg=="
    },
    "@redux-saga/types": {
      "version": "1.0.0",
      "resolved": "https://registry.npmjs.org/@redux-saga/types/-/types-1.0.0.tgz",
      "integrity": "sha512-9I7ejD0kASU3H8gD6Wv8Y3F9VabNdvjE8apkGfSphCAjt46snJKjt79CnHdxo1xkTE0qMEZzmYmZ8hnIYDydhw=="
    },
    "curriable": {
      "version": "1.2.5",
      "resolved": "https://registry.npmjs.org/curriable/-/curriable-1.2.5.tgz",
      "integrity": "sha512-hQwrkCn8DNiCw5CG8OS0td2wfpCDtxo1dmrVYxCDWUBHQPkpAvN9RqBVbmC64oSQaBqPQD2SOCXcTWH1zXe2mA=="
    },
    "fast-equals": {
      "version": "1.6.2",
      "resolved": "https://registry.npmjs.org/fast-equals/-/fast-equals-1.6.2.tgz",
      "integrity": "sha512-6FiKwHkrHIqdvo9I92yzCR/zuWE6iy5ldcOszStPbmo7Zzj3OoVeng++GE//JqO4i6JQ4vH/BVAfCmUCki+C3g=="
    },
    "hoist-non-react-statics": {
      "version": "3.3.0",
      "resolved": "https://registry.npmjs.org/hoist-non-react-statics/-/hoist-non-react-statics-3.3.0.tgz",
      "integrity": "sha512-0XsbTXxgiaCDYDIWFcwkmerZPSwywfUqYmwT4jzewKTQSWoE6FCMoUVOeBJWK3E/CrWbxRG3m5GzY4lnIwGRBA==",
      "requires": {
        "react-is": "^16.7.0"
      }
    },
    "identitate": {
      "version": "1.0.1",
      "resolved": "https://registry.npmjs.org/identitate/-/identitate-1.0.1.tgz",
      "integrity": "sha512-xnDJ0JYhiZjBDuJRKbHoVzj5yP9FhATxLyUYswQyPdnJrwzGVBqS6DOmvKJi1lk7P+4dkL+hhUhuOZIcOUtG5A==",
      "requires": {
        "pathington": "^1.0.1"
      }
    },
    "immer": {
      "version": "1.12.1",
      "resolved": "https://registry.npmjs.org/immer/-/immer-1.12.1.tgz",
      "integrity": "sha512-3fmKM6ovaqDt0CdC9daXpNi5x/YCYS3i4cwLdTVkhJdk5jrDXoPs7lCm3IqM3yhfSnz4tjjxbRG2CziQ7m8ztg=="
    },
    "invariant": {
      "version": "2.2.4",
      "resolved": "https://registry.npmjs.org/invariant/-/invariant-2.2.4.tgz",
      "integrity": "sha512-phJfQVBuaJM5raOpJjSfkiD6BpbCE4Ns//LaXl6wGYtUBY83nWS6Rf9tXm2e8VaK60JEjYldbPif/A2B1C2gNA==",
      "requires": {
        "loose-envify": "^1.0.0"
      }
    },
    "js-tokens": {
      "version": "4.0.0",
      "resolved": "https://registry.npmjs.org/js-tokens/-/js-tokens-4.0.0.tgz",
      "integrity": "sha512-RdJUflcE3cUzKiMqQgsCu06FPu9UdIJO0beYbPhHN4k6apgJtifcoCtT9bcxOpYBtpD2kCM6Sbzg4CausW/PKQ=="
    },
    "json-stringify-safe": {
      "version": "5.0.1",
      "resolved": "https://registry.npmjs.org/json-stringify-safe/-/json-stringify-safe-5.0.1.tgz",
      "integrity": "sha1-Epai1Y/UXxmg9s4B1lcB4sc1tus="
    },
    "loose-envify": {
      "version": "1.4.0",
      "resolved": "https://registry.npmjs.org/loose-envify/-/loose-envify-1.4.0.tgz",
      "integrity": "sha512-lyuxPGr/Wfhrlem2CL/UcnUc1zcqKAImBDzukY7Y5F/yQiNdko6+fRLevlw1HgMySw7f611UIY408EtxRSoK3Q==",
      "requires": {
        "js-tokens": "^3.0.0 || ^4.0.0"
      }
    },
    "object-assign": {
      "version": "4.1.1",
      "resolved": "https://registry.npmjs.org/object-assign/-/object-assign-4.1.1.tgz",
      "integrity": "sha1-IQmtx5ZYh8/AXLvUQsrIv7s2CGM="
    },
    "pathington": {
      "version": "1.1.7",
      "resolved": "https://registry.npmjs.org/pathington/-/pathington-1.1.7.tgz",
      "integrity": "sha512-JxzhUzagDfNIOm4qqwQqP3rWeo7rNNOfIahy4n+3GTEdwXLqw5cJHUR0soSopQtNEv763lzxb6eA2xBllpR8zw=="
    },
    "prop-types": {
      "version": "15.7.1",
      "resolved": "https://registry.npmjs.org/prop-types/-/prop-types-15.7.1.tgz",
      "integrity": "sha512-f8Lku2z9kERjOCcnDOPm68EBJAO2K00Q5mSgPAUE/gJuBgsYLbVy6owSrtcHj90zt8PvW+z0qaIIgsIhHOa1Qw==",
      "requires": {
        "object-assign": "^4.1.1",
        "react-is": "^16.8.1"
      }
    },
    "react-is": {
      "version": "16.8.1",
      "resolved": "https://registry.npmjs.org/react-is/-/react-is-16.8.1.tgz",
      "integrity": "sha512-ioMCzVDWvCvKD8eeT+iukyWrBGrA3DiFYkXfBsVYIRdaREZuBjENG+KjrikavCLasozqRWTwFUagU/O4vPpRMA=="
    },
    "react-redux": {
      "version": "6.0.0",
      "resolved": "https://registry.npmjs.org/react-redux/-/react-redux-6.0.0.tgz",
      "integrity": "sha512-EmbC3uLl60pw2VqSSkj6HpZ6jTk12RMrwXMBdYtM6niq0MdEaRq9KYCwpJflkOZj349BLGQm1MI/JO1W96kLWQ==",
      "requires": {
        "@babel/runtime": "^7.2.0",
        "hoist-non-react-statics": "^3.2.1",
        "invariant": "^2.2.4",
        "loose-envify": "^1.4.0",
        "prop-types": "^15.6.2",
        "react-is": "^16.6.3"
      }
    },
    "redux": {
      "version": "4.0.1",
      "resolved": "https://registry.npmjs.org/redux/-/redux-4.0.1.tgz",
      "integrity": "sha512-R7bAtSkk7nY6O/OYMVR9RiBI+XghjF9rlbl5806HJbQph0LJVHZrU5oaO4q70eUKiqMRqm4y07KLTlMZ2BlVmg==",
      "requires": {
        "loose-envify": "^1.4.0",
        "symbol-observable": "^1.2.0"
      }
    },
    "redux-devtools-extension": {
      "version": "2.13.8",
      "resolved": "https://registry.npmjs.org/redux-devtools-extension/-/redux-devtools-extension-2.13.8.tgz",
      "integrity": "sha512-8qlpooP2QqPtZHQZRhx3x3OP5skEV1py/zUdMY28WNAocbafxdG2tRD1MWE7sp8obGMNYuLWanhhQ7EQvT1FBg=="
    },
    "redux-immutable-state-invariant": {
      "version": "2.1.0",
      "resolved": "https://registry.npmjs.org/redux-immutable-state-invariant/-/redux-immutable-state-invariant-2.1.0.tgz",
      "integrity": "sha512-3czbDKs35FwiBRsx/3KabUk5zSOoTXC+cgVofGkpBNv3jQcqIe5JrHcF5AmVt7B/4hyJ8MijBIpCJ8cife6yJg==",
      "requires": {
        "invariant": "^2.1.0",
        "json-stringify-safe": "^5.0.1"
      }
    },
    "redux-saga": {
      "version": "1.0.1",
      "resolved": "https://registry.npmjs.org/redux-saga/-/redux-saga-1.0.1.tgz",
      "integrity": "sha512-XAp0OliRaoBCk/qynMfvXnTtC1WXrEpSqMwPKtOZHXVbQFekdcei/Eln/w0L7m3NcNxYQSlWwdUoffWzB1oAAQ==",
      "requires": {
        "@redux-saga/core": "^1.0.1"
      }
    },
    "redux-starter-kit": {
      "version": "0.4.3",
      "resolved": "https://registry.npmjs.org/redux-starter-kit/-/redux-starter-kit-0.4.3.tgz",
      "integrity": "sha512-T3HXtwEGyFLCy63QlZEM95rDzTQ5BKbBhhTINNVFD1yWgHBKtgN3tXw4/sX9+Ve1Y8mAtXbAhep/E7I0YVvZPg==",
      "requires": {
        "immer": "^1.10.5",
        "redux": "^4.0.0",
        "redux-devtools-extension": "^2.13.7",
        "redux-immutable-state-invariant": "^2.1.0",
        "redux-thunk": "^2.2.0",
        "selectorator": "^4.0.1"
      }
    },
    "redux-thunk": {
      "version": "2.3.0",
      "resolved": "https://registry.npmjs.org/redux-thunk/-/redux-thunk-2.3.0.tgz",
      "integrity": "sha512-km6dclyFnmcvxhAcrQV2AkZmPQjzPDjgVlQtR0EQjxZPyJ0BnMf3in1ryuR8A2qU0HldVRfxYXbFSKlI3N7Slw=="
    },
    "regenerator-runtime": {
      "version": "0.12.1",
      "resolved": "https://registry.npmjs.org/regenerator-runtime/-/regenerator-runtime-0.12.1.tgz",
      "integrity": "sha512-odxIc1/vDlo4iZcfXqRYFj0vpXFNoGdKMAUieAlFYO6m/nl5e9KR/beGf41z4a1FI+aQgtjhuaSlDxQ0hmkrHg=="
    },
    "reselect": {
      "version": "4.0.0",
      "resolved": "https://registry.npmjs.org/reselect/-/reselect-4.0.0.tgz",
      "integrity": "sha512-qUgANli03jjAyGlnbYVAV5vvnOmJnODyABz51RdBN7M4WaVu8mecZWgyQNkG8Yqe3KRGRt0l4K4B3XVEULC4CA=="
    },
    "selectorator": {
      "version": "4.0.3",
      "resolved": "https://registry.npmjs.org/selectorator/-/selectorator-4.0.3.tgz",
      "integrity": "sha512-A8+paRhzTab4Qm/38RAVnCgEZFbpn5xIWLyTCDqvyU3Obhmo94RS6UK1H00bVH7+U609sOhqbFJha09POsWURA==",
      "requires": {
        "fast-equals": "^1.2.1",
        "identitate": "^1.0.0",
        "reselect": "^4.0.0",
        "unchanged": "^2.0.1"
      }
    },
    "symbol-observable": {
      "version": "1.2.0",
      "resolved": "https://registry.npmjs.org/symbol-observable/-/symbol-observable-1.2.0.tgz",
      "integrity": "sha512-e900nM8RRtGhlV36KGEU9k65K3mPb1WV70OdjfxlG2EAuM1noi/E/BaW/uMhL7bPEssK8QV57vN3esixjUvcXQ=="
    },
    "typescript-compare": {
      "version": "0.0.2",
      "resolved": "https://registry.npmjs.org/typescript-compare/-/typescript-compare-0.0.2.tgz",
      "integrity": "sha512-8ja4j7pMHkfLJQO2/8tut7ub+J3Lw2S3061eJLFQcvs3tsmJKp8KG5NtpLn7KcY2w08edF74BSVN7qJS0U6oHA==",
      "requires": {
        "typescript-logic": "^0.0.0"
      }
    },
    "typescript-logic": {
      "version": "0.0.0",
      "resolved": "https://registry.npmjs.org/typescript-logic/-/typescript-logic-0.0.0.tgz",
      "integrity": "sha512-zXFars5LUkI3zP492ls0VskH3TtdeHCqu0i7/duGt60i5IGPIpAHE/DWo5FqJ6EjQ15YKXrt+AETjv60Dat34Q=="
    },
    "typescript-tuple": {
      "version": "2.1.1",
      "resolved": "https://registry.npmjs.org/typescript-tuple/-/typescript-tuple-2.1.1.tgz",
      "integrity": "sha512-7jOyW+a6vGSfzpkgimnldfkvT5FEY7hURzdS8gXHBXCOZ7NZRqoXNvsEmkNNhPLbdXUbZexjFXQOz1CSn+7stg==",
      "requires": {
        "typescript-compare": "^0.0.2"
      }
    },
    "unchanged": {
      "version": "2.1.0",
      "resolved": "https://registry.npmjs.org/unchanged/-/unchanged-2.1.0.tgz",
      "integrity": "sha512-CYVU0Mz35N821Pjxf+iG6JMPx/Yb6wStUq8uuhR52/+AU3vMiueOTrJ6u1vBKYSke7a75FAi2/jCdQkXcHaNGQ==",
      "requires": {
        "curriable": "^1.2.4",
        "pathington": "^1.1.5"
      }
    }
  }
}
